// !$*UTF8*$!
{
	archiveVersion = 1;
	classes = {
	};
	objectVersion = 51;
	objects = {

/* Begin PBXBuildFile section */
		013E0A8D24BD866500E84641 /* AppDelegate.swift in Sources */ = {isa = PBXBuildFile; fileRef = 013E0A8C24BD866500E84641 /* AppDelegate.swift */; };
		013E0A8F24BD866500E84641 /* SceneDelegate.swift in Sources */ = {isa = PBXBuildFile; fileRef = 013E0A8E24BD866500E84641 /* SceneDelegate.swift */; };
		013E0A9124BD866500E84641 /* ViewController.swift in Sources */ = {isa = PBXBuildFile; fileRef = 013E0A9024BD866500E84641 /* ViewController.swift */; };
		013E0A9424BD866500E84641 /* Main.storyboard in Resources */ = {isa = PBXBuildFile; fileRef = 013E0A9224BD866500E84641 /* Main.storyboard */; };
		013E0A9624BD866800E84641 /* Assets.xcassets in Resources */ = {isa = PBXBuildFile; fileRef = 013E0A9524BD866800E84641 /* Assets.xcassets */; };
		013E0A9924BD866800E84641 /* LaunchScreen.storyboard in Resources */ = {isa = PBXBuildFile; fileRef = 013E0A9724BD866800E84641 /* LaunchScreen.storyboard */; };
		013E0AA424BD866800E84641 /* GoodsPriceUITests.swift in Sources */ = {isa = PBXBuildFile; fileRef = 013E0AA324BD866800E84641 /* GoodsPriceUITests.swift */; };
		013E0AB024BD87BA00E84641 /* GoodsPriceUI.swift in Sources */ = {isa = PBXBuildFile; fileRef = 013E0AAF24BD87BA00E84641 /* GoodsPriceUI.swift */; };
		7985F3C6E6BEEB3B23DF2E0C /* Pods_GoodsPriceUITests.framework in Frameworks */ = {isa = PBXBuildFile; fileRef = 6D06FAB6B44E95FA21F29544 /* Pods_GoodsPriceUITests.framework */; };
		A6B9247A862A59F23D65B610 /* Pods_GoodsPriceUI.framework in Frameworks */ = {isa = PBXBuildFile; fileRef = DB672644D3607417D7169D1A /* Pods_GoodsPriceUI.framework */; };
/* End PBXBuildFile section */

/* Begin PBXContainerItemProxy section */
		013E0AA024BD866800E84641 /* PBXContainerItemProxy */ = {
			isa = PBXContainerItemProxy;
			containerPortal = 013E0A8124BD866500E84641 /* Project object */;
			proxyType = 1;
			remoteGlobalIDString = 013E0A8824BD866500E84641;
			remoteInfo = GoodsPriceUI;
		};
/* End PBXContainerItemProxy section */

/* Begin PBXFileReference section */
		013E0A8924BD866500E84641 /* GoodsPriceUI.app */ = {isa = PBXFileReference; explicitFileType = wrapper.application; includeInIndex = 0; path = GoodsPriceUI.app; sourceTree = BUILT_PRODUCTS_DIR; };
		013E0A8C24BD866500E84641 /* AppDelegate.swift */ = {isa = PBXFileReference; lastKnownFileType = sourcecode.swift; path = AppDelegate.swift; sourceTree = "<group>"; };
		013E0A8E24BD866500E84641 /* SceneDelegate.swift */ = {isa = PBXFileReference; lastKnownFileType = sourcecode.swift; path = SceneDelegate.swift; sourceTree = "<group>"; };
		013E0A9024BD866500E84641 /* ViewController.swift */ = {isa = PBXFileReference; lastKnownFileType = sourcecode.swift; path = ViewController.swift; sourceTree = "<group>"; };
		013E0A9324BD866500E84641 /* Base */ = {isa = PBXFileReference; lastKnownFileType = file.storyboard; name = Base; path = Base.lproj/Main.storyboard; sourceTree = "<group>"; };
		013E0A9524BD866800E84641 /* Assets.xcassets */ = {isa = PBXFileReference; lastKnownFileType = folder.assetcatalog; path = Assets.xcassets; sourceTree = "<group>"; };
		013E0A9824BD866800E84641 /* Base */ = {isa = PBXFileReference; lastKnownFileType = file.storyboard; name = Base; path = Base.lproj/LaunchScreen.storyboard; sourceTree = "<group>"; };
		013E0A9A24BD866800E84641 /* Info.plist */ = {isa = PBXFileReference; lastKnownFileType = text.plist.xml; path = Info.plist; sourceTree = "<group>"; };
		013E0A9F24BD866800E84641 /* GoodsPriceUITests.xctest */ = {isa = PBXFileReference; explicitFileType = wrapper.cfbundle; includeInIndex = 0; path = GoodsPriceUITests.xctest; sourceTree = BUILT_PRODUCTS_DIR; };
		013E0AA324BD866800E84641 /* GoodsPriceUITests.swift */ = {isa = PBXFileReference; lastKnownFileType = sourcecode.swift; path = GoodsPriceUITests.swift; sourceTree = "<group>"; };
		013E0AA524BD866800E84641 /* Info.plist */ = {isa = PBXFileReference; lastKnownFileType = text.plist.xml; path = Info.plist; sourceTree = "<group>"; };
		013E0AAF24BD87BA00E84641 /* GoodsPriceUI.swift */ = {isa = PBXFileReference; lastKnownFileType = sourcecode.swift; path = GoodsPriceUI.swift; sourceTree = "<group>"; };
		0317D60B552F149C96B098B3 /* Pods-GoodsPriceUITests.release.xcconfig */ = {isa = PBXFileReference; includeInIndex = 1; lastKnownFileType = text.xcconfig; name = "Pods-GoodsPriceUITests.release.xcconfig"; path = "Target Support Files/Pods-GoodsPriceUITests/Pods-GoodsPriceUITests.release.xcconfig"; sourceTree = "<group>"; };
		6D06FAB6B44E95FA21F29544 /* Pods_GoodsPriceUITests.framework */ = {isa = PBXFileReference; explicitFileType = wrapper.framework; includeInIndex = 0; path = Pods_GoodsPriceUITests.framework; sourceTree = BUILT_PRODUCTS_DIR; };
		6D410F5B25A558354168AF20 /* Pods-GoodsPriceUITests.debug.xcconfig */ = {isa = PBXFileReference; includeInIndex = 1; lastKnownFileType = text.xcconfig; name = "Pods-GoodsPriceUITests.debug.xcconfig"; path = "Target Support Files/Pods-GoodsPriceUITests/Pods-GoodsPriceUITests.debug.xcconfig"; sourceTree = "<group>"; };
		89DE3D78476C246EE22E109D /* Pods-GoodsPriceUI.release.xcconfig */ = {isa = PBXFileReference; includeInIndex = 1; lastKnownFileType = text.xcconfig; name = "Pods-GoodsPriceUI.release.xcconfig"; path = "Target Support Files/Pods-GoodsPriceUI/Pods-GoodsPriceUI.release.xcconfig"; sourceTree = "<group>"; };
		B9724A3EC3D34A3ED2366ECF /* Pods-GoodsPriceUI.debug.xcconfig */ = {isa = PBXFileReference; includeInIndex = 1; lastKnownFileType = text.xcconfig; name = "Pods-GoodsPriceUI.debug.xcconfig"; path = "Target Support Files/Pods-GoodsPriceUI/Pods-GoodsPriceUI.debug.xcconfig"; sourceTree = "<group>"; };
		DB672644D3607417D7169D1A /* Pods_GoodsPriceUI.framework */ = {isa = PBXFileReference; explicitFileType = wrapper.framework; includeInIndex = 0; path = Pods_GoodsPriceUI.framework; sourceTree = BUILT_PRODUCTS_DIR; };
/* End PBXFileReference section */

/* Begin PBXFrameworksBuildPhase section */
		013E0A8624BD866500E84641 /* Frameworks */ = {
			isa = PBXFrameworksBuildPhase;
			buildActionMask = 2147483647;
			files = (
				A6B9247A862A59F23D65B610 /* Pods_GoodsPriceUI.framework in Frameworks */,
			);
			runOnlyForDeploymentPostprocessing = 0;
		};
		013E0A9C24BD866800E84641 /* Frameworks */ = {
			isa = PBXFrameworksBuildPhase;
			buildActionMask = 2147483647;
			files = (
				7985F3C6E6BEEB3B23DF2E0C /* Pods_GoodsPriceUITests.framework in Frameworks */,
			);
			runOnlyForDeploymentPostprocessing = 0;
		};
/* End PBXFrameworksBuildPhase section */

/* Begin PBXGroup section */
		013E0A8024BD866500E84641 = {
			isa = PBXGroup;
			children = (
				013E0A8B24BD866500E84641 /* GoodsPriceUI */,
				013E0AA224BD866800E84641 /* GoodsPriceUITests */,
				013E0A8A24BD866500E84641 /* Products */,
				0444D524C4FB098143393E9C /* Pods */,
				8C1E905D172629A809A0C52A /* Frameworks */,
			);
			sourceTree = "<group>";
		};
		013E0A8A24BD866500E84641 /* Products */ = {
			isa = PBXGroup;
			children = (
				013E0A8924BD866500E84641 /* GoodsPriceUI.app */,
				013E0A9F24BD866800E84641 /* GoodsPriceUITests.xctest */,
			);
			name = Products;
			sourceTree = "<group>";
		};
		013E0A8B24BD866500E84641 /* GoodsPriceUI */ = {
			isa = PBXGroup;
			children = (
				013E0AAE24BD879800E84641 /* UI */,
				013E0A8C24BD866500E84641 /* AppDelegate.swift */,
				013E0A8E24BD866500E84641 /* SceneDelegate.swift */,
				013E0A9024BD866500E84641 /* ViewController.swift */,
				013E0A9224BD866500E84641 /* Main.storyboard */,
				013E0A9524BD866800E84641 /* Assets.xcassets */,
				013E0A9724BD866800E84641 /* LaunchScreen.storyboard */,
				013E0A9A24BD866800E84641 /* Info.plist */,
			);
			path = GoodsPriceUI;
			sourceTree = "<group>";
		};
		013E0AA224BD866800E84641 /* GoodsPriceUITests */ = {
			isa = PBXGroup;
			children = (
				013E0AA324BD866800E84641 /* GoodsPriceUITests.swift */,
				013E0AA524BD866800E84641 /* Info.plist */,
			);
			path = GoodsPriceUITests;
			sourceTree = "<group>";
		};
		013E0AAE24BD879800E84641 /* UI */ = {
			isa = PBXGroup;
			children = (
				013E0AAF24BD87BA00E84641 /* GoodsPriceUI.swift */,
			);
			path = UI;
			sourceTree = "<group>";
		};
		0444D524C4FB098143393E9C /* Pods */ = {
			isa = PBXGroup;
			children = (
				B9724A3EC3D34A3ED2366ECF /* Pods-GoodsPriceUI.debug.xcconfig */,
				89DE3D78476C246EE22E109D /* Pods-GoodsPriceUI.release.xcconfig */,
				6D410F5B25A558354168AF20 /* Pods-GoodsPriceUITests.debug.xcconfig */,
				0317D60B552F149C96B098B3 /* Pods-GoodsPriceUITests.release.xcconfig */,
			);
			path = Pods;
			sourceTree = "<group>";
		};
		8C1E905D172629A809A0C52A /* Frameworks */ = {
			isa = PBXGroup;
			children = (
				DB672644D3607417D7169D1A /* Pods_GoodsPriceUI.framework */,
				6D06FAB6B44E95FA21F29544 /* Pods_GoodsPriceUITests.framework */,
			);
			name = Frameworks;
			sourceTree = "<group>";
		};
/* End PBXGroup section */

/* Begin PBXNativeTarget section */
		013E0A8824BD866500E84641 /* GoodsPriceUI */ = {
			isa = PBXNativeTarget;
			buildConfigurationList = 013E0AA824BD866800E84641 /* Build configuration list for PBXNativeTarget "GoodsPriceUI" */;
			buildPhases = (
				4C28066A200A9291B4D9AE46 /* [CP] Check Pods Manifest.lock */,
				013E0A8524BD866500E84641 /* Sources */,
				013E0A8624BD866500E84641 /* Frameworks */,
				013E0A8724BD866500E84641 /* Resources */,
				0745159EE794009B250F5B39 /* [CP] Embed Pods Frameworks */,
			);
			buildRules = (
			);
			dependencies = (
			);
			name = GoodsPriceUI;
			productName = GoodsPriceUI;
			productReference = 013E0A8924BD866500E84641 /* GoodsPriceUI.app */;
			productType = "com.apple.product-type.application";
		};
		013E0A9E24BD866800E84641 /* GoodsPriceUITests */ = {
			isa = PBXNativeTarget;
			buildConfigurationList = 013E0AAB24BD866800E84641 /* Build configuration list for PBXNativeTarget "GoodsPriceUITests" */;
			buildPhases = (
				060154E7A52509733EA5625B /* [CP] Check Pods Manifest.lock */,
				013E0A9B24BD866800E84641 /* Sources */,
				013E0A9C24BD866800E84641 /* Frameworks */,
				013E0A9D24BD866800E84641 /* Resources */,
			);
			buildRules = (
			);
			dependencies = (
				013E0AA124BD866800E84641 /* PBXTargetDependency */,
			);
			name = GoodsPriceUITests;
			productName = GoodsPriceUITests;
			productReference = 013E0A9F24BD866800E84641 /* GoodsPriceUITests.xctest */;
			productType = "com.apple.product-type.bundle.unit-test";
		};
/* End PBXNativeTarget section */

/* Begin PBXProject section */
		013E0A8124BD866500E84641 /* Project object */ = {
			isa = PBXProject;
			attributes = {
				LastSwiftUpdateCheck = 1150;
				LastUpgradeCheck = 1150;
				ORGANIZATIONNAME = wangtie;
				TargetAttributes = {
					013E0A8824BD866500E84641 = {
						CreatedOnToolsVersion = 11.5;
					};
					013E0A9E24BD866800E84641 = {
						CreatedOnToolsVersion = 11.5;
						TestTargetID = 013E0A8824BD866500E84641;
					};
				};
			};
			buildConfigurationList = 013E0A8424BD866500E84641 /* Build configuration list for PBXProject "GoodsPriceUI" */;
			compatibilityVersion = "Xcode 9.3";
			developmentRegion = en;
			hasScannedForEncodings = 0;
			knownRegions = (
				en,
				Base,
			);
			mainGroup = 013E0A8024BD866500E84641;
			productRefGroup = 013E0A8A24BD866500E84641 /* Products */;
			projectDirPath = "";
			projectRoot = "";
			targets = (
				013E0A8824BD866500E84641 /* GoodsPriceUI */,
				013E0A9E24BD866800E84641 /* GoodsPriceUITests */,
			);
		};
/* End PBXProject section */

/* Begin PBXResourcesBuildPhase section */
		013E0A8724BD866500E84641 /* Resources */ = {
			isa = PBXResourcesBuildPhase;
			buildActionMask = 2147483647;
			files = (
				013E0A9924BD866800E84641 /* LaunchScreen.storyboard in Resources */,
				013E0A9624BD866800E84641 /* Assets.xcassets in Resources */,
				013E0A9424BD866500E84641 /* Main.storyboard in Resources */,
			);
			runOnlyForDeploymentPostprocessing = 0;
		};
		013E0A9D24BD866800E84641 /* Resources */ = {
			isa = PBXResourcesBuildPhase;
			buildActionMask = 2147483647;
			files = (
			);
			runOnlyForDeploymentPostprocessing = 0;
		};
/* End PBXResourcesBuildPhase section */

/* Begin PBXShellScriptBuildPhase section */
		060154E7A52509733EA5625B /* [CP] Check Pods Manifest.lock */ = {
			isa = PBXShellScriptBuildPhase;
			buildActionMask = 2147483647;
			files = (
			);
			inputFileListPaths = (
			);
			inputPaths = (
				"${PODS_PODFILE_DIR_PATH}/Podfile.lock",
				"${PODS_ROOT}/Manifest.lock",
			);
			name = "[CP] Check Pods Manifest.lock";
			outputFileListPaths = (
			);
			outputPaths = (
				"$(DERIVED_FILE_DIR)/Pods-GoodsPriceUITests-checkManifestLockResult.txt",
			);
			runOnlyForDeploymentPostprocessing = 0;
			shellPath = /bin/sh;
			shellScript = "diff \"${PODS_PODFILE_DIR_PATH}/Podfile.lock\" \"${PODS_ROOT}/Manifest.lock\" > /dev/null\nif [ $? != 0 ] ; then\n    # print error to STDERR\n    echo \"error: The sandbox is not in sync with the Podfile.lock. Run 'pod install' or update your CocoaPods installation.\" >&2\n    exit 1\nfi\n# This output is used by Xcode 'outputs' to avoid re-running this script phase.\necho \"SUCCESS\" > \"${SCRIPT_OUTPUT_FILE_0}\"\n";
			showEnvVarsInLog = 0;
		};
		0745159EE794009B250F5B39 /* [CP] Embed Pods Frameworks */ = {
			isa = PBXShellScriptBuildPhase;
			buildActionMask = 2147483647;
			files = (
			);
			inputFileListPaths = (
				"${PODS_ROOT}/Target Support Files/Pods-GoodsPriceUI/Pods-GoodsPriceUI-frameworks-${CONFIGURATION}-input-files.xcfilelist",
			);
			name = "[CP] Embed Pods Frameworks";
			outputFileListPaths = (
				"${PODS_ROOT}/Target Support Files/Pods-GoodsPriceUI/Pods-GoodsPriceUI-frameworks-${CONFIGURATION}-output-files.xcfilelist",
			);
			runOnlyForDeploymentPostprocessing = 0;
			shellPath = /bin/sh;
			shellScript = "\"${PODS_ROOT}/Target Support Files/Pods-GoodsPriceUI/Pods-GoodsPriceUI-frameworks.sh\"\n";
			showEnvVarsInLog = 0;
		};
		4C28066A200A9291B4D9AE46 /* [CP] Check Pods Manifest.lock */ = {
			isa = PBXShellScriptBuildPhase;
			buildActionMask = 2147483647;
			files = (
			);
			inputFileListPaths = (
			);
			inputPaths = (
				"${PODS_PODFILE_DIR_PATH}/Podfile.lock",
				"${PODS_ROOT}/Manifest.lock",
			);
			name = "[CP] Check Pods Manifest.lock";
			outputFileListPaths = (
			);
			outputPaths = (
				"$(DERIVED_FILE_DIR)/Pods-GoodsPriceUI-checkManifestLockResult.txt",
			);
			runOnlyForDeploymentPostprocessing = 0;
			shellPath = /bin/sh;
			shellScript = "diff \"${PODS_PODFILE_DIR_PATH}/Podfile.lock\" \"${PODS_ROOT}/Manifest.lock\" > /dev/null\nif [ $? != 0 ] ; then\n    # print error to STDERR\n    echo \"error: The sandbox is not in sync with the Podfile.lock. Run 'pod install' or update your CocoaPods installation.\" >&2\n    exit 1\nfi\n# This output is used by Xcode 'outputs' to avoid re-running this script phase.\necho \"SUCCESS\" > \"${SCRIPT_OUTPUT_FILE_0}\"\n";
			showEnvVarsInLog = 0;
		};
/* End PBXShellScriptBuildPhase section */

/* Begin PBXSourcesBuildPhase section */
		013E0A8524BD866500E84641 /* Sources */ = {
			isa = PBXSourcesBuildPhase;
			buildActionMask = 2147483647;
			files = (
				013E0A9124BD866500E84641 /* ViewController.swift in Sources */,
				013E0A8D24BD866500E84641 /* AppDelegate.swift in Sources */,
				013E0AB024BD87BA00E84641 /* GoodsPriceUI.swift in Sources */,
				013E0A8F24BD866500E84641 /* SceneDelegate.swift in Sources */,
			);
			runOnlyForDeploymentPostprocessing = 0;
		};
		013E0A9B24BD866800E84641 /* Sources */ = {
			isa = PBXSourcesBuildPhase;
			buildActionMask = 2147483647;
			files = (
				013E0AA424BD866800E84641 /* GoodsPriceUITests.swift in Sources */,
			);
			runOnlyForDeploymentPostprocessing = 0;
		};
/* End PBXSourcesBuildPhase section */

/* Begin PBXTargetDependency section */
		013E0AA124BD866800E84641 /* PBXTargetDependency */ = {
			isa = PBXTargetDependency;
			target = 013E0A8824BD866500E84641 /* GoodsPriceUI */;
			targetProxy = 013E0AA024BD866800E84641 /* PBXContainerItemProxy */;
		};
/* End PBXTargetDependency section */

/* Begin PBXVariantGroup section */
		013E0A9224BD866500E84641 /* Main.storyboard */ = {
			isa = PBXVariantGroup;
			children = (
				013E0A9324BD866500E84641 /* Base */,
			);
			name = Main.storyboard;
			sourceTree = "<group>";
		};
		013E0A9724BD866800E84641 /* LaunchScreen.storyboard */ = {
			isa = PBXVariantGroup;
			children = (
				013E0A9824BD866800E84641 /* Base */,
			);
			name = LaunchScreen.storyboard;
			sourceTree = "<group>";
		};
/* End PBXVariantGroup section */

/* Begin XCBuildConfiguration section */
		013E0AA624BD866800E84641 /* Debug */ = {
			isa = XCBuildConfiguration;
			buildSettings = {
				ALWAYS_SEARCH_USER_PATHS = NO;
				CLANG_ANALYZER_NONNULL = YES;
				CLANG_ANALYZER_NUMBER_OBJECT_CONVERSION = YES_AGGRESSIVE;
				CLANG_CXX_LANGUAGE_STANDARD = "gnu++14";
				CLANG_CXX_LIBRARY = "libc++";
				CLANG_ENABLE_MODULES = YES;
				CLANG_ENABLE_OBJC_ARC = YES;
				CLANG_ENABLE_OBJC_WEAK = YES;
				CLANG_WARN_BLOCK_CAPTURE_AUTORELEASING = YES;
				CLANG_WARN_BOOL_CONVERSION = YES;
				CLANG_WARN_COMMA = YES;
				CLANG_WARN_CONSTANT_CONVERSION = YES;
				CLANG_WARN_DEPRECATED_OBJC_IMPLEMENTATIONS = YES;
				CLANG_WARN_DIRECT_OBJC_ISA_USAGE = YES_ERROR;
				CLANG_WARN_DOCUMENTATION_COMMENTS = YES;
				CLANG_WARN_EMPTY_BODY = YES;
				CLANG_WARN_ENUM_CONVERSION = YES;
				CLANG_WARN_INFINITE_RECURSION = YES;
				CLANG_WARN_INT_CONVERSION = YES;
				CLANG_WARN_NON_LITERAL_NULL_CONVERSION = YES;
				CLANG_WARN_OBJC_IMPLICIT_RETAIN_SELF = YES;
				CLANG_WARN_OBJC_LITERAL_CONVERSION = YES;
				CLANG_WARN_OBJC_ROOT_CLASS = YES_ERROR;
				CLANG_WARN_RANGE_LOOP_ANALYSIS = YES;
				CLANG_WARN_STRICT_PROTOTYPES = YES;
				CLANG_WARN_SUSPICIOUS_MOVE = YES;
				CLANG_WARN_UNGUARDED_AVAILABILITY = YES_AGGRESSIVE;
				CLANG_WARN_UNREACHABLE_CODE = YES;
				CLANG_WARN__DUPLICATE_METHOD_MATCH = YES;
				COPY_PHASE_STRIP = NO;
				DEBUG_INFORMATION_FORMAT = dwarf;
				ENABLE_STRICT_OBJC_MSGSEND = YES;
				ENABLE_TESTABILITY = YES;
				GCC_C_LANGUAGE_STANDARD = gnu11;
				GCC_DYNAMIC_NO_PIC = NO;
				GCC_NO_COMMON_BLOCKS = YES;
				GCC_OPTIMIZATION_LEVEL = 0;
				GCC_PREPROCESSOR_DEFINITIONS = (
					"DEBUG=1",
					"$(inherited)",
				);
				GCC_WARN_64_TO_32_BIT_CONVERSION = YES;
				GCC_WARN_ABOUT_RETURN_TYPE = YES_ERROR;
				GCC_WARN_UNDECLARED_SELECTOR = YES;
				GCC_WARN_UNINITIALIZED_AUTOS = YES_AGGRESSIVE;
				GCC_WARN_UNUSED_FUNCTION = YES;
				GCC_WARN_UNUSED_VARIABLE = YES;
				IPHONEOS_DEPLOYMENT_TARGET = 13.5;
				MTL_ENABLE_DEBUG_INFO = INCLUDE_SOURCE;
				MTL_FAST_MATH = YES;
				ONLY_ACTIVE_ARCH = YES;
				SDKROOT = iphoneos;
				SWIFT_ACTIVE_COMPILATION_CONDITIONS = DEBUG;
				SWIFT_OPTIMIZATION_LEVEL = "-Onone";
			};
			name = Debug;
		};
		013E0AA724BD866800E84641 /* Release */ = {
			isa = XCBuildConfiguration;
			buildSettings = {
				ALWAYS_SEARCH_USER_PATHS = NO;
				CLANG_ANALYZER_NONNULL = YES;
				CLANG_ANALYZER_NUMBER_OBJECT_CONVERSION = YES_AGGRESSIVE;
				CLANG_CXX_LANGUAGE_STANDARD = "gnu++14";
				CLANG_CXX_LIBRARY = "libc++";
				CLANG_ENABLE_MODULES = YES;
				CLANG_ENABLE_OBJC_ARC = YES;
				CLANG_ENABLE_OBJC_WEAK = YES;
				CLANG_WARN_BLOCK_CAPTURE_AUTORELEASING = YES;
				CLANG_WARN_BOOL_CONVERSION = YES;
				CLANG_WARN_COMMA = YES;
				CLANG_WARN_CONSTANT_CONVERSION = YES;
				CLANG_WARN_DEPRECATED_OBJC_IMPLEMENTATIONS = YES;
				CLANG_WARN_DIRECT_OBJC_ISA_USAGE = YES_ERROR;
				CLANG_WARN_DOCUMENTATION_COMMENTS = YES;
				CLANG_WARN_EMPTY_BODY = YES;
				CLANG_WARN_ENUM_CONVERSION = YES;
				CLANG_WARN_INFINITE_RECURSION = YES;
				CLANG_WARN_INT_CONVERSION = YES;
				CLANG_WARN_NON_LITERAL_NULL_CONVERSION = YES;
				CLANG_WARN_OBJC_IMPLICIT_RETAIN_SELF = YES;
				CLANG_WARN_OBJC_LITERAL_CONVERSION = YES;
				CLANG_WARN_OBJC_ROOT_CLASS = YES_ERROR;
				CLANG_WARN_RANGE_LOOP_ANALYSIS = YES;
				CLANG_WARN_STRICT_PROTOTYPES = YES;
				CLANG_WARN_SUSPICIOUS_MOVE = YES;
				CLANG_WARN_UNGUARDED_AVAILABILITY = YES_AGGRESSIVE;
				CLANG_WARN_UNREACHABLE_CODE = YES;
				CLANG_WARN__DUPLICATE_METHOD_MATCH = YES;
				COPY_PHASE_STRIP = NO;
				DEBUG_INFORMATION_FORMAT = "dwarf-with-dsym";
				ENABLE_NS_ASSERTIONS = NO;
				ENABLE_STRICT_OBJC_MSGSEND = YES;
				GCC_C_LANGUAGE_STANDARD = gnu11;
				GCC_NO_COMMON_BLOCKS = YES;
				GCC_WARN_64_TO_32_BIT_CONVERSION = YES;
				GCC_WARN_ABOUT_RETURN_TYPE = YES_ERROR;
				GCC_WARN_UNDECLARED_SELECTOR = YES;
				GCC_WARN_UNINITIALIZED_AUTOS = YES_AGGRESSIVE;
				GCC_WARN_UNUSED_FUNCTION = YES;
				GCC_WARN_UNUSED_VARIABLE = YES;
				IPHONEOS_DEPLOYMENT_TARGET = 13.5;
				MTL_ENABLE_DEBUG_INFO = NO;
				MTL_FAST_MATH = YES;
				SDKROOT = iphoneos;
				SWIFT_COMPILATION_MODE = wholemodule;
				SWIFT_OPTIMIZATION_LEVEL = "-O";
				VALIDATE_PRODUCT = YES;
			};
			name = Release;
		};
		013E0AA924BD866800E84641 /* Debug */ = {
			isa = XCBuildConfiguration;
			baseConfigurationReference = B9724A3EC3D34A3ED2366ECF /* Pods-GoodsPriceUI.debug.xcconfig */;
			buildSettings = {
				ASSETCATALOG_COMPILER_APPICON_NAME = AppIcon;
				CODE_SIGN_STYLE = Automatic;
				INFOPLIST_FILE = GoodsPriceUI/Info.plist;
				LD_RUNPATH_SEARCH_PATHS = (
					"$(inherited)",
					"@executable_path/Frameworks",
				);
				PRODUCT_BUNDLE_IDENTIFIER = com.bookclub.GoodsPriceUI;
				PRODUCT_NAME = "$(TARGET_NAME)";
				SWIFT_VERSION = 5.0;
				TARGETED_DEVICE_FAMILY = "1,2";
			};
			name = Debug;
		};
		013E0AAA24BD866800E84641 /* Release */ = {
			isa = XCBuildConfiguration;
			baseConfigurationReference = 89DE3D78476C246EE22E109D /* Pods-GoodsPriceUI.release.xcconfig */;
			buildSettings = {
				ASSETCATALOG_COMPILER_APPICON_NAME = AppIcon;
				CODE_SIGN_STYLE = Automatic;
				INFOPLIST_FILE = GoodsPriceUI/Info.plist;
				LD_RUNPATH_SEARCH_PATHS = (
					"$(inherited)",
					"@executable_path/Frameworks",
				);
				PRODUCT_BUNDLE_IDENTIFIER = com.bookclub.GoodsPriceUI;
				PRODUCT_NAME = "$(TARGET_NAME)";
				SWIFT_VERSION = 5.0;
				TARGETED_DEVICE_FAMILY = "1,2";
			};
			name = Release;
		};
		013E0AAC24BD866800E84641 /* Debug */ = {
			isa = XCBuildConfiguration;
			baseConfigurationReference = 6D410F5B25A558354168AF20 /* Pods-GoodsPriceUITests.debug.xcconfig */;
			buildSettings = {
				ALWAYS_EMBED_SWIFT_STANDARD_LIBRARIES = YES;
				BUNDLE_LOADER = "$(TEST_HOST)";
				CODE_SIGN_STYLE = Automatic;
				INFOPLIST_FILE = GoodsPriceUITests/Info.plist;
				IPHONEOS_DEPLOYMENT_TARGET = 13.5;
				LD_RUNPATH_SEARCH_PATHS = (
					"$(inherited)",
					"@executable_path/Frameworks",
					"@loader_path/Frameworks",
				);
				PRODUCT_BUNDLE_IDENTIFIER = com.bookclub.GoodsPriceUITests;
				PRODUCT_NAME = "$(TARGET_NAME)";
				SWIFT_VERSION = 5.0;
				TARGETED_DEVICE_FAMILY = "1,2";
				TEST_HOST = "$(BUILT_PRODUCTS_DIR)/GoodsPriceUI.app/GoodsPriceUI";
			};
			name = Debug;
		};
		013E0AAD24BD866800E84641 /* Release */ = {
			isa = XCBuildConfiguration;
			baseConfigurationReference = 0317D60B552F149C96B098B3 /* Pods-GoodsPriceUITests.release.xcconfig */;
			buildSettings = {
				ALWAYS_EMBED_SWIFT_STANDARD_LIBRARIES = YES;
				BUNDLE_LOADER = "$(TEST_HOST)";
				CODE_SIGN_STYLE = Automatic;
				INFOPLIST_FILE = GoodsPriceUITests/Info.plist;
				IPHONEOS_DEPLOYMENT_TARGET = 13.5;
				LD_RUNPATH_SEARCH_PATHS = (
					"$(inherited)",
					"@executable_path/Frameworks",
					"@loader_path/Frameworks",
				);
				PRODUCT_BUNDLE_IDENTIFIER = com.bookclub.GoodsPriceUITests;
				PRODUCT_NAME = "$(TARGET_NAME)";
				SWIFT_VERSION = 5.0;
				TARGETED_DEVICE_FAMILY = "1,2";
				TEST_HOST = "$(BUILT_PRODUCTS_DIR)/GoodsPriceUI.app/GoodsPriceUI";
			};
			name = Release;
		};
/* End XCBuildConfiguration section */

/* Begin XCConfigurationList section */
		013E0A8424BD866500E84641 /* Build configuration list for PBXProject "GoodsPriceUI" */ = {
			isa = XCConfigurationList;
			buildConfigurations = (
				013E0AA624BD866800E84641 /* Debug */,
				013E0AA724BD866800E84641 /* Release */,
			);
			defaultConfigurationIsVisible = 0;
			defaultConfigurationName = Release;
		};
		013E0AA824BD866800E84641 /* Build configuration list for PBXNativeTarget "GoodsPriceUI" */ = {
			isa = XCConfigurationList;
			buildConfigurations = (
				013E0AA924BD866800E84641 /* Debug */,
				013E0AAA24BD866800E84641 /* Release */,
			);
			defaultConfigurationIsVisible = 0;
			defaultConfigurationName = Release;
		};
		013E0AAB24BD866800E84641 /* Build configuration list for PBXNativeTarget "GoodsPriceUITests" */ = {
			isa = XCConfigurationList;
			buildConfigurations = (
				013E0AAC24BD866800E84641 /* Debug */,
				013E0AAD24BD866800E84641 /* Release */,
			);
			defaultConfigurationIsVisible = 0;
			defaultConfigurationName = Release;
		};
/* End XCConfigurationList section */
	};
	rootObject = 013E0A8124BD866500E84641 /* Project object */;
}
